
Microsoft Visual Studio Solution File, Format Version 12.00
# Visual Studio for Mac
Project("{FAE04EC0-301F-11D3-BF4B-00C04F79EFBC}") = "Assembly-CSharp", "Assembly-CSharp.csproj", "{43271006-92B5-A443-E7EC-4BF6CACF2A8C}"
EndProject
Project("{FAE04EC0-301F-11D3-BF4B-00C04F79EFBC}") = "VuforiaScripts", "VuforiaScripts.csproj", "{F1A9C572-EA9C-7C4E-7794-A995F6DB4147}"
EndProject
Project("{FAE04EC0-301F-11D3-BF4B-00C04F79EFBC}") = "VuforiaEditorScripts", "VuforiaEditorScripts.csproj", "{83C12D6F-CAF7-0569-1DF5-ED708347431C}"
EndProject
Global
	GlobalSection(SolutionConfigurationPlatforms) = preSolution
		Debug|Any CPU = Debug|Any CPU
		Release|Any CPU = Release|Any CPU
	EndGlobalSection
	GlobalSection(ProjectConfigurationPlatforms) = postSolution
		{43271006-92B5-A443-E7EC-4BF6CACF2A8C}.Debug|Any CPU.ActiveCfg = Debug|Any CPU
		{43271006-92B5-A443-E7EC-4BF6CACF2A8C}.Debug|Any CPU.Build.0 = Debug|Any CPU
		{43271006-92B5-A443-E7EC-4BF6CACF2A8C}.Release|Any CPU.ActiveCfg = Release|Any CPU
		{43271006-92B5-A443-E7EC-4BF6CACF2A8C}.Release|Any CPU.Build.0 = Release|Any CPU
		{F1A9C572-EA9C-7C4E-7794-A995F6DB4147}.Debug|Any CPU.ActiveCfg = Debug|Any CPU
		{F1A9C572-EA9C-7C4E-7794-A995F6DB4147}.Debug|Any CPU.Build.0 = Debug|Any CPU
		{F1A9C572-EA9C-7C4E-7794-A995F6DB4147}.Release|Any CPU.ActiveCfg = Release|Any CPU
		{F1A9C572-EA9C-7C4E-7794-A995F6DB4147}.Release|Any CPU.Build.0 = Release|Any CPU
		{83C12D6F-CAF7-0569-1DF5-ED708347431C}.Debug|Any CPU.ActiveCfg = Debug|Any CPU
		{83C12D6F-CAF7-0569-1DF5-ED708347431C}.Debug|Any CPU.Build.0 = Debug|Any CPU
		{83C12D6F-CAF7-0569-1DF5-ED708347431C}.Release|Any CPU.ActiveCfg = Release|Any CPU
		{83C12D6F-CAF7-0569-1DF5-ED708347431C}.Release|Any CPU.Build.0 = Release|Any CPU
	EndGlobalSection
	GlobalSection(SolutionProperties) = preSolution
		HideSolutionNode = FALSE
	EndGlobalSection
EndGlobal
